
Microsoft Visual Studio Solution File, Format Version 12.00
# Visual Studio 15
VisualStudioVersion = 15.0.27130.2027
MinimumVisualStudioVersion = 10.0.40219.1
Project("{9A19103F-16F7-4668-BE54-9A1E7A4F7556}") = "SimplyUpdate.BuildUpdate", "SimplyUpdate.BuildUpdate\SimplyUpdate.BuildUpdate.csproj", "{495207AB-F663-4541-ABD8-51A97A252756}"
EndProject
Project("{9A19103F-16F7-4668-BE54-9A1E7A4F7556}") = "SimplyUpdate.Updater", "SimplyUpdate.Updater\SimplyUpdate.Updater.csproj", "{2BDFC984-B1BF-4C4E-8C8A-BE074FE62AB9}"
EndProject
Project("{FAE04EC0-301F-11D3-BF4B-00C04F79EFBC}") = "SimplyUpdate.WinAppTest", "SimplyUpdate.WinAppTest\SimplyUpdate.WinAppTest.csproj", "{7FA91700-F7BA-4E25-9BDF-2B855F65F8EE}"
EndProject
Project("{FAE04EC0-301F-11D3-BF4B-00C04F79EFBC}") = "SimplyUpdate.Updater.WinForm", "SimplyUpdate.Updater.WinForm\SimplyUpdate.Updater.WinForm.csproj", "{A9B96BE3-4035-42E1-8314-9EBBD378C3A7}"
EndProject
Global
	GlobalSection(SolutionConfigurationPlatforms) = preSolution
		Debug|Any CPU = Debug|Any CPU
		Release|Any CPU = Release|Any CPU
	EndGlobalSection
	GlobalSection(ProjectConfigurationPlatforms) = postSolution
		{495207AB-F663-4541-ABD8-51A97A252756}.Debug|Any CPU.ActiveCfg = Debug|Any CPU
		{495207AB-F663-4541-ABD8-51A97A252756}.Debug|Any CPU.Build.0 = Debug|Any CPU
		{495207AB-F663-4541-ABD8-51A97A252756}.Release|Any CPU.ActiveCfg = Release|Any CPU
		{495207AB-F663-4541-ABD8-51A97A252756}.Release|Any CPU.Build.0 = Release|Any CPU
		{2BDFC984-B1BF-4C4E-8C8A-BE074FE62AB9}.Debug|Any CPU.ActiveCfg = Debug|Any CPU
		{2BDFC984-B1BF-4C4E-8C8A-BE074FE62AB9}.Debug|Any CPU.Build.0 = Debug|Any CPU
		{2BDFC984-B1BF-4C4E-8C8A-BE074FE62AB9}.Release|Any CPU.ActiveCfg = Release|Any CPU
		{2BDFC984-B1BF-4C4E-8C8A-BE074FE62AB9}.Release|Any CPU.Build.0 = Release|Any CPU
		{7FA91700-F7BA-4E25-9BDF-2B855F65F8EE}.Debug|Any CPU.ActiveCfg = Debug|Any CPU
		{7FA91700-F7BA-4E25-9BDF-2B855F65F8EE}.Debug|Any CPU.Build.0 = Debug|Any CPU
		{7FA91700-F7BA-4E25-9BDF-2B855F65F8EE}.Release|Any CPU.ActiveCfg = Release|Any CPU
		{7FA91700-F7BA-4E25-9BDF-2B855F65F8EE}.Release|Any CPU.Build.0 = Release|Any CPU
		{A9B96BE3-4035-42E1-8314-9EBBD378C3A7}.Debug|Any CPU.ActiveCfg = Debug|Any CPU
		{A9B96BE3-4035-42E1-8314-9EBBD378C3A7}.Debug|Any CPU.Build.0 = Debug|Any CPU
		{A9B96BE3-4035-42E1-8314-9EBBD378C3A7}.Release|Any CPU.ActiveCfg = Release|Any CPU
		{A9B96BE3-4035-42E1-8314-9EBBD378C3A7}.Release|Any CPU.Build.0 = Release|Any CPU
	EndGlobalSection
	GlobalSection(SolutionProperties) = preSolution
		HideSolutionNode = FALSE
	EndGlobalSection
	GlobalSection(ExtensibilityGlobals) = postSolution
		SolutionGuid = {2B396DCA-3DFE-449E-8116-669F8B989BDA}
	EndGlobalSection
EndGlobal
